
Microsoft Visual Studio Solution File, Format Version 12.00
# Visual Studio 15
VisualStudioVersion = 15.0.26124.0
MinimumVisualStudioVersion = 15.0.26124.0
Project("{FAE04EC0-301F-11D3-BF4B-00C04F79EFBC}") = "IdentityDotNet.API", "IdentityDotNet.API\IdentityDotNet.API.csproj", "{DC21ED95-1FB8-4359-ABB9-8DE474284C2B}"
EndProject
Project("{FAE04EC0-301F-11D3-BF4B-00C04F79EFBC}") = "IdentityDotNet.IdentitySvr", "IdentityDotNet.IdentitySvr\IdentityDotNet.IdentitySvr.csproj", "{587CD52F-3BE1-411B-A039-7B305E1DA1E8}"
EndProject
Project("{FAE04EC0-301F-11D3-BF4B-00C04F79EFBC}") = "IdentityDotNet.ConsoleClient", "IdentityDotNet.ConsoleClient\IdentityDotNet.ConsoleClient.csproj", "{14EB9E71-D219-4F9F-80D2-CD65BA138EE6}"
EndProject
Project("{FAE04EC0-301F-11D3-BF4B-00C04F79EFBC}") = "IdentityDotNet.MvcClient", "IdentityDotNet.MvcClient\IdentityDotNet.MvcClient.csproj", "{809701C6-F815-4448-A67A-E91C9360F707}"
EndProject
Global
	GlobalSection(SolutionConfigurationPlatforms) = preSolution
		Debug|Any CPU = Debug|Any CPU
		Debug|x64 = Debug|x64
		Debug|x86 = Debug|x86
		Release|Any CPU = Release|Any CPU
		Release|x64 = Release|x64
		Release|x86 = Release|x86
	EndGlobalSection
	GlobalSection(SolutionProperties) = preSolution
		HideSolutionNode = FALSE
	EndGlobalSection
	GlobalSection(ProjectConfigurationPlatforms) = postSolution
		{DC21ED95-1FB8-4359-ABB9-8DE474284C2B}.Debug|Any CPU.ActiveCfg = Debug|Any CPU
		{DC21ED95-1FB8-4359-ABB9-8DE474284C2B}.Debug|Any CPU.Build.0 = Debug|Any CPU
		{DC21ED95-1FB8-4359-ABB9-8DE474284C2B}.Debug|x64.ActiveCfg = Debug|Any CPU
		{DC21ED95-1FB8-4359-ABB9-8DE474284C2B}.Debug|x64.Build.0 = Debug|Any CPU
		{DC21ED95-1FB8-4359-ABB9-8DE474284C2B}.Debug|x86.ActiveCfg = Debug|Any CPU
		{DC21ED95-1FB8-4359-ABB9-8DE474284C2B}.Debug|x86.Build.0 = Debug|Any CPU
		{DC21ED95-1FB8-4359-ABB9-8DE474284C2B}.Release|Any CPU.ActiveCfg = Release|Any CPU
		{DC21ED95-1FB8-4359-ABB9-8DE474284C2B}.Release|Any CPU.Build.0 = Release|Any CPU
		{DC21ED95-1FB8-4359-ABB9-8DE474284C2B}.Release|x64.ActiveCfg = Release|Any CPU
		{DC21ED95-1FB8-4359-ABB9-8DE474284C2B}.Release|x64.Build.0 = Release|Any CPU
		{DC21ED95-1FB8-4359-ABB9-8DE474284C2B}.Release|x86.ActiveCfg = Release|Any CPU
		{DC21ED95-1FB8-4359-ABB9-8DE474284C2B}.Release|x86.Build.0 = Release|Any CPU
		{587CD52F-3BE1-411B-A039-7B305E1DA1E8}.Debug|Any CPU.ActiveCfg = Debug|Any CPU
		{587CD52F-3BE1-411B-A039-7B305E1DA1E8}.Debug|Any CPU.Build.0 = Debug|Any CPU
		{587CD52F-3BE1-411B-A039-7B305E1DA1E8}.Debug|x64.ActiveCfg = Debug|Any CPU
		{587CD52F-3BE1-411B-A039-7B305E1DA1E8}.Debug|x64.Build.0 = Debug|Any CPU
		{587CD52F-3BE1-411B-A039-7B305E1DA1E8}.Debug|x86.ActiveCfg = Debug|Any CPU
		{587CD52F-3BE1-411B-A039-7B305E1DA1E8}.Debug|x86.Build.0 = Debug|Any CPU
		{587CD52F-3BE1-411B-A039-7B305E1DA1E8}.Release|Any CPU.ActiveCfg = Release|Any CPU
		{587CD52F-3BE1-411B-A039-7B305E1DA1E8}.Release|Any CPU.Build.0 = Release|Any CPU
		{587CD52F-3BE1-411B-A039-7B305E1DA1E8}.Release|x64.ActiveCfg = Release|Any CPU
		{587CD52F-3BE1-411B-A039-7B305E1DA1E8}.Release|x64.Build.0 = Release|Any CPU
		{587CD52F-3BE1-411B-A039-7B305E1DA1E8}.Release|x86.ActiveCfg = Release|Any CPU
		{587CD52F-3BE1-411B-A039-7B305E1DA1E8}.Release|x86.Build.0 = Release|Any CPU
		{14EB9E71-D219-4F9F-80D2-CD65BA138EE6}.Debug|Any CPU.ActiveCfg = Debug|Any CPU
		{14EB9E71-D219-4F9F-80D2-CD65BA138EE6}.Debug|Any CPU.Build.0 = Debug|Any CPU
		{14EB9E71-D219-4F9F-80D2-CD65BA138EE6}.Debug|x64.ActiveCfg = Debug|Any CPU
		{14EB9E71-D219-4F9F-80D2-CD65BA138EE6}.Debug|x64.Build.0 = Debug|Any CPU
		{14EB9E71-D219-4F9F-80D2-CD65BA138EE6}.Debug|x86.ActiveCfg = Debug|Any CPU
		{14EB9E71-D219-4F9F-80D2-CD65BA138EE6}.Debug|x86.Build.0 = Debug|Any CPU
		{14EB9E71-D219-4F9F-80D2-CD65BA138EE6}.Release|Any CPU.ActiveCfg = Release|Any CPU
		{14EB9E71-D219-4F9F-80D2-CD65BA138EE6}.Release|Any CPU.Build.0 = Release|Any CPU
		{14EB9E71-D219-4F9F-80D2-CD65BA138EE6}.Release|x64.ActiveCfg = Release|Any CPU
		{14EB9E71-D219-4F9F-80D2-CD65BA138EE6}.Release|x64.Build.0 = Release|Any CPU
		{14EB9E71-D219-4F9F-80D2-CD65BA138EE6}.Release|x86.ActiveCfg = Release|Any CPU
		{14EB9E71-D219-4F9F-80D2-CD65BA138EE6}.Release|x86.Build.0 = Release|Any CPU
		{809701C6-F815-4448-A67A-E91C9360F707}.Debug|Any CPU.ActiveCfg = Debug|Any CPU
		{809701C6-F815-4448-A67A-E91C9360F707}.Debug|Any CPU.Build.0 = Debug|Any CPU
		{809701C6-F815-4448-A67A-E91C9360F707}.Debug|x64.ActiveCfg = Debug|Any CPU
		{809701C6-F815-4448-A67A-E91C9360F707}.Debug|x64.Build.0 = Debug|Any CPU
		{809701C6-F815-4448-A67A-E91C9360F707}.Debug|x86.ActiveCfg = Debug|Any CPU
		{809701C6-F815-4448-A67A-E91C9360F707}.Debug|x86.Build.0 = Debug|Any CPU
		{809701C6-F815-4448-A67A-E91C9360F707}.Release|Any CPU.ActiveCfg = Release|Any CPU
		{809701C6-F815-4448-A67A-E91C9360F707}.Release|Any CPU.Build.0 = Release|Any CPU
		{809701C6-F815-4448-A67A-E91C9360F707}.Release|x64.ActiveCfg = Release|Any CPU
		{809701C6-F815-4448-A67A-E91C9360F707}.Release|x64.Build.0 = Release|Any CPU
		{809701C6-F815-4448-A67A-E91C9360F707}.Release|x86.ActiveCfg = Release|Any CPU
		{809701C6-F815-4448-A67A-E91C9360F707}.Release|x86.Build.0 = Release|Any CPU
	EndGlobalSection
EndGlobal
